# THIS IS AN AUTOGENERATED FILE. DO NOT EDIT THIS FILE DIRECTLY.
# yarn lockfile v1


"@babel/code-frame@^7.10.4":
  "integrity" "sha512-9pzDqyc6OLDaqe+zbACgFkb6fKMNG6CObKpnYXChRsvYGyEdc7CA2BaqeOM+vOtCS5ndmJicPJhKAwYRI6UfFw=="
  "resolved" "https://registry.npmjs.org/@babel/code-frame/-/code-frame-7.14.5.tgz"
  "version" "7.14.5"
  dependencies:
    "@babel/highlight" "^7.14.5"

"@babel/helper-validator-identifier@^7.14.5":
  "integrity" "sha512-5lsetuxCLilmVGyiLEfoHBRX8UCFD+1m2x3Rj97WrW3V7H3u4RWRXA4evMjImCsin2J2YT0QaVDGf+z8ondbAg=="
  "resolved" "https://registry.npmjs.org/@babel/helper-validator-identifier/-/helper-validator-identifier-7.14.5.tgz"
  "version" "7.14.5"

"@babel/highlight@^7.14.5":
  "integrity" "sha512-qf9u2WFWVV0MppaL877j2dBtQIDgmidgjGk5VIMw3OadXvYaXn66U1BFlH2t4+t3i+8PhedppRv+i40ABzd+gg=="
  "resolved" "https://registry.npmjs.org/@babel/highlight/-/highlight-7.14.5.tgz"
  "version" "7.14.5"
  dependencies:
    "@babel/helper-validator-identifier" "^7.14.5"
    "chalk" "^2.0.0"
    "js-tokens" "^4.0.0"

"@sinonjs/commons@^1.6.0", "@sinonjs/commons@^1.7.0", "@sinonjs/commons@^1.8.3":
  "integrity" "sha512-xkNcLAn/wZaX14RPlwizcKicDk9G3F8m2nU3L7Ukm5zBgTwiT0wsoFAHx9Jq56fJA1z/7uKGtCRu16sOUCLIHQ=="
  "resolved" "https://registry.npmjs.org/@sinonjs/commons/-/commons-1.8.3.tgz"
  "version" "1.8.3"
  dependencies:
    "type-detect" "4.0.8"

"@sinonjs/fake-timers@^7.0.4", "@sinonjs/fake-timers@^7.1.0":
  "integrity" "sha512-iQADsW4LBMISqZ6Ci1dupJL9pprqwcVFTcOsEmQOEhW+KLCVn/Y4Jrvg2k19fIHCp+iFprriYPTdRcQR8NbUPg=="
  "resolved" "https://registry.npmjs.org/@sinonjs/fake-timers/-/fake-timers-7.1.2.tgz"
  "version" "7.1.2"
  dependencies:
    "@sinonjs/commons" "^1.7.0"

"@sinonjs/samsam@^6.0.2":
  "integrity" "sha512-jxPRPp9n93ci7b8hMfJOFDPRLFYadN6FSpeROFTR4UNF4i5b+EK6m4QXPO46BDhFgRy1JuS87zAnFOzCUwMJcQ=="
  "resolved" "https://registry.npmjs.org/@sinonjs/samsam/-/samsam-6.0.2.tgz"
  "version" "6.0.2"
  dependencies:
    "@sinonjs/commons" "^1.6.0"
    "lodash.get" "^4.4.2"
    "type-detect" "^4.0.8"

"@sinonjs/text-encoding@^0.7.1":
  "integrity" "sha512-+iTbntw2IZPb/anVDbypzfQa+ay64MW0Zo8aJ8gZPWMMK6/OubMVb6lUPMagqjOPnmtauXnFCACVl3O7ogjeqQ=="
  "resolved" "https://registry.npmjs.org/@sinonjs/text-encoding/-/text-encoding-0.7.1.tgz"
  "version" "0.7.1"

"@tootallnate/once@1":
  "integrity" "sha512-RbzJvlNzmRq5c3O09UipeuXno4tA1FE6ikOjxZK0tuxVv3412l64l5t1W5pj4+rJq9vpkm/kwiR07aZXnsKPxw=="
  "resolved" "https://registry.npmjs.org/@tootallnate/once/-/once-1.1.2.tgz"
  "version" "1.1.2"

"@types/node@*":
  "integrity" "sha512-j8YL2C0fXq7IONwl/Ud5Kt0PeXw22zGERt+HSSnwbKOJVsAGkEz3sFCYwaF9IOuoG1HOtE0vKCj6sXF7Q0+Vaw=="
  "resolved" "https://registry.npmjs.org/@types/node/-/node-12.0.4.tgz"
  "version" "12.0.4"

"abab@^2.0.3", "abab@^2.0.5":
  "integrity" "sha512-9IK9EadsbHo6jLWIpxpR6pL0sazTXV6+SQv25ZB+F7Bj9mJNaOc4nCRabwd5M/JwmUa8idz6Eci6eKfJryPs6Q=="
  "resolved" "https://registry.npmjs.org/abab/-/abab-2.0.5.tgz"
  "version" "2.0.5"

"abdomen@^1.0.0":
  "integrity" "sha512-g4mrCrjWLGvyWBF8rcSnN/f+y28kcn0SWUv4qKzbfY6bLmVWV0kSJ7O3SvvgvRnrHBwc6P1iaZig4urLkhXSPg=="
  "resolved" "https://registry.npmjs.org/abdomen/-/abdomen-1.0.0.tgz"
  "version" "1.0.0"

"acorn-globals@^6.0.0":
  "integrity" "sha512-ZQl7LOWaF5ePqqcX4hLuv/bLXYQNfNWw2c0/yX/TsPRKamzHcTGQnlCjHT3TsmkOUVEPS3crCxiPfdzE/Trlhg=="
  "resolved" "https://registry.npmjs.org/acorn-globals/-/acorn-globals-6.0.0.tgz"
  "version" "6.0.0"
  dependencies:
    "acorn" "^7.1.1"
    "acorn-walk" "^7.1.1"

"acorn-walk@^7.1.1":
  "integrity" "sha512-OPdCF6GsMIP+Az+aWfAAOEt2/+iVDKE7oy6lJ098aoe59oAmK76qV6Gw60SbZ8jHuG2wH058GF4pLFbYamYrVA=="
  "resolved" "https://registry.npmjs.org/acorn-walk/-/acorn-walk-7.2.0.tgz"
  "version" "7.2.0"

"acorn@^7.1.1":
  "integrity" "sha512-nQyp0o1/mNdbTO1PO6kHkwSrmgZ0MT/jCCpNiwbUjGoRN4dlBhqJtoQuCnEOKzgTVwg0ZWiCoQy6SxMebQVh8A=="
  "resolved" "https://registry.npmjs.org/acorn/-/acorn-7.4.1.tgz"
  "version" "7.4.1"

"acorn@^8.2.4":
  "integrity" "sha512-asabaBSkEKosYKMITunzX177CXxQ4Q8BSSzMTKD+FefUhipQC70gfW5SiUDhYQ3vk8G+81HqQk7Fv9OXwwn9KA=="
  "resolved" "https://registry.npmjs.org/acorn/-/acorn-8.4.1.tgz"
  "version" "8.4.1"

"agent-base@6":
  "integrity" "sha512-RZNwNclF7+MS/8bDg70amg32dyeZGZxiDuQmZxKLAlQjr3jGyLx+4Kkk58UO7D2QdgFIQCovuSuZESne6RG6XQ=="
  "resolved" "https://registry.npmjs.org/agent-base/-/agent-base-6.0.2.tgz"
  "version" "6.0.2"
  dependencies:
    "debug" "4"

"ansi-styles@^3.2.1":
  "integrity" "sha512-VT0ZI6kZRdTh8YyJw3SMbYm/u+NqfsAxEpWO0Pf9sq8/e94WxxOpPKx9FR1FlyCtOVDNOQ+8ntlqFxiRc+r5qA=="
  "resolved" "https://registry.npmjs.org/ansi-styles/-/ansi-styles-3.2.1.tgz"
  "version" "3.2.1"
  dependencies:
    "color-convert" "^1.9.0"

"asynckit@^0.4.0":
  "integrity" "sha1-x57Zf380y48robyXkLzDZkdLS3k= sha512-Oei9OH4tRh0YqU3GxhX79dM/mwVgvbZJaSNaRk+bshkj0S5cfHcgYakreBjrHwatXKbz+IoIdYLxrKim2MjW0Q=="
  "resolved" "https://registry.npmjs.org/asynckit/-/asynckit-0.4.0.tgz"
  "version" "0.4.0"

"browser-process-hrtime@^1.0.0":
  "integrity" "sha512-9o5UecI3GhkpM6DrXr69PblIuWxPKk9Y0jHBRhdocZ2y7YECBFCsHm79Pr3OyR2AvjhDkabFJaDJMYRazHgsow=="
  "resolved" "https://registry.npmjs.org/browser-process-hrtime/-/browser-process-hrtime-1.0.0.tgz"
  "version" "1.0.0"

"buffer-from@^1.0.0":
  "integrity" "sha512-MQcXEUbCKtEo7bhqEs6560Hyd4XaovZlO/k9V3hjVUF/zwW7KBVdSK4gIt/bzwS9MbR5qob+F5jusZsb0YQK2A=="
  "resolved" "https://registry.npmjs.org/buffer-from/-/buffer-from-1.1.1.tgz"
  "version" "1.1.1"

"chalk@^2.0.0":
  "integrity" "sha512-Mti+f9lpJNcwF4tWV8/OrTTtF1gZi+f8FqlyAdouralcFWFQWF2+NgCHShjkCb+IFBLq9buZwE1xckQU4peSuQ=="
  "resolved" "https://registry.npmjs.org/chalk/-/chalk-2.4.2.tgz"
  "version" "2.4.2"
  dependencies:
    "ansi-styles" "^3.2.1"
    "escape-string-regexp" "^1.0.5"
    "supports-color" "^5.3.0"

"color-convert@^1.9.0":
  "integrity" "sha512-QfAUtd+vFdAtFQcC8CCyYt1fYWxSqAiK2cSD6zDB8N3cpsEBAvRxp9zOGg6G/SHHJYAT88/az/IuDGALsNVbGg=="
  "resolved" "https://registry.npmjs.org/color-convert/-/color-convert-1.9.3.tgz"
  "version" "1.9.3"
  dependencies:
    "color-name" "1.1.3"

"color-name@1.1.3":
  "integrity" "sha1-p9BVi9icQveV3UIyj3QIMcpTvCU= sha512-72fSenhMw2HZMTVHeCA9KCmpEIbzWiQsjN+BHcBbS9vr1mtt+vJjPdksIBNUmKAW8TFUDPJK5SUU3QhE9NEXDw=="
  "resolved" "https://registry.npmjs.org/color-name/-/color-name-1.1.3.tgz"
  "version" "1.1.3"

"combined-stream@^1.0.8":
  "integrity" "sha512-FQN4MRfuJeHf7cBbBMJFXhKSDq+2kAArBlmRBvcvFE5BB1HZKXtSFASDhdlz9zOYwxh8lDdnvmMOe/+5cdoEdg=="
  "resolved" "https://registry.npmjs.org/combined-stream/-/combined-stream-1.0.8.tgz"
  "version" "1.0.8"
  dependencies:
    "delayed-stream" "~1.0.0"

"commander@^2.20.0":
  "integrity" "sha512-GpVkmM8vF2vQUkj2LvZmD35JxeJOLCwJ9cUkugyk2nuhbv3+mJvpLYYt+0+USMxE+oj+ey/lJEnhZw75x/OMcQ=="
  "resolved" "https://registry.npmjs.org/commander/-/commander-2.20.3.tgz"
  "version" "2.20.3"

"cssom@^0.4.4":
  "integrity" "sha512-p3pvU7r1MyyqbTk+WbNJIgJjG2VmTIaB10rI93LzVPrmDJKkzKYMtxxyAvQXR/NS6otuzveI7+7BBq3SjBS2mw=="
  "resolved" "https://registry.npmjs.org/cssom/-/cssom-0.4.4.tgz"
  "version" "0.4.4"

"cssom@~0.3.6":
  "integrity" "sha512-b0tGHbfegbhPJpxpiBPU2sCkigAqtM9O121le6bbOlgyV+NyGyCmVfJ6QW9eRjz8CpNfWEOYBIMIGRYkLwsIYg=="
  "resolved" "https://registry.npmjs.org/cssom/-/cssom-0.3.8.tgz"
  "version" "0.3.8"

"cssstyle@^2.3.0":
  "integrity" "sha512-AZL67abkUzIuvcHqk7c09cezpGNcxUxU4Ioi/05xHk4DQeTkWmGYftIE6ctU6AEt+Gn4n1lDStOtj7FKycP71A=="
  "resolved" "https://registry.npmjs.org/cssstyle/-/cssstyle-2.3.0.tgz"
  "version" "2.3.0"
  dependencies:
    "cssom" "~0.3.6"

"data-urls@^2.0.0":
  "integrity" "sha512-X5eWTSXO/BJmpdIKCRuKUgSCgAN0OwliVK3yPKbwIWU1Tdw5BRajxlzMidvh+gwko9AfQ9zIj52pzF91Q3YAvQ=="
  "resolved" "https://registry.npmjs.org/data-urls/-/data-urls-2.0.0.tgz"
  "version" "2.0.0"
  dependencies:
    "abab" "^2.0.3"
    "whatwg-mimetype" "^2.3.0"
    "whatwg-url" "^8.0.0"

"debug@4":
  "integrity" "sha512-mOp8wKcvj7XxC78zLgw/ZA+6TSgkoE2C/ienthhRD298T7UNwAg9diBpLRxC0mOezLl4B0xV7M0cCO6P/O0Xhw=="
  "resolved" "https://registry.npmjs.org/debug/-/debug-4.3.2.tgz"
  "version" "4.3.2"
  dependencies:
    "ms" "2.1.2"

"decimal.js@^10.2.1":
  "integrity" "sha512-V0pfhfr8suzyPGOx3nmq4aHqabehUZn6Ch9kyFpV79TGDTWFmHqUqXdabR7QHqxzrYolF4+tVmJhUG4OURg5dQ=="
  "resolved" "https://registry.npmjs.org/decimal.js/-/decimal.js-10.3.1.tgz"
  "version" "10.3.1"

"deep-is@~0.1.3":
  "integrity" "sha1-s2nW+128E+7PUk+RsHD+7cNXzzQ= sha512-GtxAN4HvBachZzm4OnWqc45ESpUCMwkYcsjnsPs23FwJbsO+k4t0k9bQCgOmzIlpHO28+WPK/KRbRk0DDHuuDw=="
  "resolved" "https://registry.npmjs.org/deep-is/-/deep-is-0.1.3.tgz"
  "version" "0.1.3"

"delayed-stream@~1.0.0":
  "integrity" "sha1-3zrhmayt+31ECqrgsp4icrJOxhk= sha512-ZySD7Nf91aLB0RxL4KGrKHBXl7Eds1DAmEdcoVawXnLD7SDhpNgtuII2aAkg7a7QS41jxPSZ17p4VdGnMHk3MQ=="
  "resolved" "https://registry.npmjs.org/delayed-stream/-/delayed-stream-1.0.0.tgz"
  "version" "1.0.0"

"dequal@^2.0.0":
  "integrity" "sha512-q9K8BlJVxK7hQYqa6XISGmBZbtQQWVXSrRrWreHC94rMt1QL/Impruc+7p2CYSYuVIUr+YCt6hjrs1kkdJRTug=="
  "resolved" "https://registry.npmjs.org/dequal/-/dequal-2.0.2.tgz"
  "version" "2.0.2"

"diff@^5.0.0":
  "integrity" "sha512-/VTCrvm5Z0JGty/BWHljh+BAiw3IK+2j87NGMu8Nwc/f48WoDAC395uomO9ZD117ZOBaHmkX1oyLvkVM/aIT3w=="
  "resolved" "https://registry.npmjs.org/diff/-/diff-5.0.0.tgz"
  "version" "5.0.0"

"domexception@^2.0.1":
  "integrity" "sha512-yxJ2mFy/sibVQlu5qHjOkf9J3K6zgmCxgJ94u2EdvDOV09H+32LtRswEcUsmUWN72pVLOEnTSRaIVVzVQgS0dg=="
  "resolved" "https://registry.npmjs.org/domexception/-/domexception-2.0.1.tgz"
  "version" "2.0.1"
  dependencies:
    "webidl-conversions" "^5.0.0"

"escape-string-regexp@^1.0.5":
  "integrity" "sha1-G2HAViGQqN/2rjuyzwIAyhMLhtQ= sha512-vbRorB5FUQWvla16U8R/qgaFIya2qGzwDrNmCZuYKrbdSUMG6I1ZCGQRefkRVhuOkIGVne7BQ35DSfo1qvJqFg=="
  "resolved" "https://registry.npmjs.org/escape-string-regexp/-/escape-string-regexp-1.0.5.tgz"
  "version" "1.0.5"

"escodegen@^2.0.0":
  "integrity" "sha512-mmHKys/C8BFUGI+MAWNcSYoORYLMdPzjrknd2Vc+bUsjN5bXcr8EhrNB+UTqfL1y3I9c4fw2ihgtMPQLBRiQxw=="
  "resolved" "https://registry.npmjs.org/escodegen/-/escodegen-2.0.0.tgz"
  "version" "2.0.0"
  dependencies:
    "esprima" "^4.0.1"
    "estraverse" "^5.2.0"
    "esutils" "^2.0.2"
    "optionator" "^0.8.1"
  optionalDependencies:
    "source-map" "~0.6.1"

"esprima@^4.0.1":
  "integrity" "sha512-eGuFFw7Upda+g4p+QHvnW0RyTX/SVeJBDM/gCtMARO0cLuT2HcEKnTPvhjV6aGeqrCB/sbNop0Kszm0jsaWU4A=="
  "resolved" "https://registry.npmjs.org/esprima/-/esprima-4.0.1.tgz"
  "version" "4.0.1"

"estraverse@^5.2.0":
  "integrity" "sha512-BxbNGGNm0RyRYvUdHpIwv9IWzeM9XClbOxwoATuFdOE7ZE6wHL+HQ5T8hoPM+zHvmKzzsEqhgy0GrQ5X13afiQ=="
  "resolved" "https://registry.npmjs.org/estraverse/-/estraverse-5.2.0.tgz"
  "version" "5.2.0"

"esutils@^2.0.2":
  "integrity" "sha1-Cr9PHKpbyx96nYrMbepPqqBLrJs= sha512-UUPPULqkyAV+M3Shodis7l8D+IyX6V8SbaBnTb449jf3fMTd8+UOZI1Q70NbZVOQkcR91yYgdHsJiMMMVmYshg=="
  "resolved" "https://registry.npmjs.org/esutils/-/esutils-2.0.2.tgz"
  "version" "2.0.2"

"fast-levenshtein@~2.0.4":
  "integrity" "sha1-PYpcZog6FqMMqGQ+hR8Zuqd5eRc= sha512-DCXu6Ifhqcks7TZKY3Hxp3y6qphY5SJZmrWMDrKcERSOXWQdMhU9Ig/PYrzyw/ul9jOIyh0N4M0tbC5hodg8dw=="
  "resolved" "https://registry.npmjs.org/fast-levenshtein/-/fast-levenshtein-2.0.6.tgz"
  "version" "2.0.6"

"form-data@^3.0.0":
  "integrity" "sha512-RHkBKtLWUVwd7SqRIvCZMEvAMoGUp0XU+seQiZejj0COz3RI3hWP4sCv3gZWWLjJTd7rGwcsF5eKZGii0r/hbg=="
  "resolved" "https://registry.npmjs.org/form-data/-/form-data-3.0.1.tgz"
  "version" "3.0.1"
  dependencies:
    "asynckit" "^0.4.0"
    "combined-stream" "^1.0.8"
    "mime-types" "^2.1.12"

"has-flag@^3.0.0":
  "integrity" "sha1-tdRU3CGZriJWmfNGfloH87lVuv0= sha512-sKJf1+ceQBr4SMkvQnBDNDtf4TXpVhVGateu0t918bl30FnbE2m4vNLX+VWe/dpjlb+HugGYzW7uQXH98HPEYw=="
  "resolved" "https://registry.npmjs.org/has-flag/-/has-flag-3.0.0.tgz"
  "version" "3.0.0"

"has-flag@^4.0.0":
  "integrity" "sha512-EykJT/Q1KjTWctppgIAgfSO0tKVuZUjhgMr17kqTumMl6Afv3EISleU7qZUzoXDFTAHTDC4NOoG/ZxU3EvlMPQ=="
  "resolved" "https://registry.npmjs.org/has-flag/-/has-flag-4.0.0.tgz"
  "version" "4.0.0"

"html-encoding-sniffer@^2.0.1":
  "integrity" "sha512-D5JbOMBIR/TVZkubHT+OyT2705QvogUW4IBn6nHd756OwieSF9aDYFj4dv6HHEVGYbHaLETa3WggZYWWMyy3ZQ=="
  "resolved" "https://registry.npmjs.org/html-encoding-sniffer/-/html-encoding-sniffer-2.0.1.tgz"
  "version" "2.0.1"
  dependencies:
    "whatwg-encoding" "^1.0.5"

"http-proxy-agent@^4.0.1":
  "integrity" "sha512-k0zdNgqWTGA6aeIRVpvfVob4fL52dTfaehylg0Y4UvSySvOq/Y+BOyPrgpUrA7HylqvU8vIZGsRuXmspskV0Tg=="
  "resolved" "https://registry.npmjs.org/http-proxy-agent/-/http-proxy-agent-4.0.1.tgz"
  "version" "4.0.1"
  dependencies:
    "@tootallnate/once" "1"
    "agent-base" "6"
    "debug" "4"

"https-proxy-agent@^5.0.0":
  "integrity" "sha512-EkYm5BcKUGiduxzSt3Eppko+PiNWNEpa4ySk9vTC6wDsQJW9rHSa+UhGNJoRYp7bz6Ht1eaRIa6QaJqO5rCFbA=="
  "resolved" "https://registry.npmjs.org/https-proxy-agent/-/https-proxy-agent-5.0.0.tgz"
  "version" "5.0.0"
  dependencies:
    "agent-base" "6"
    "debug" "4"

"iconv-lite@0.4.24":
  "integrity" "sha512-v3MXnZAcvnywkTUEZomIActle7RXXeedOR31wwl7VlyoXO4Qi9arvSenNQWne1TcRwhCL1HwLI21bEqdpj8/rA=="
  "resolved" "https://registry.npmjs.org/iconv-lite/-/iconv-lite-0.4.24.tgz"
  "version" "0.4.24"
  dependencies:
    "safer-buffer" ">= 2.1.2 < 3"

"is-potential-custom-element-name@^1.0.1":
  "integrity" "sha512-bCYeRA2rVibKZd+s2625gGnGF/t7DSqDs4dP7CrLA1m7jKWz6pps0LpYLJN8Q64HtmPKJ1hrN3nzPNKFEKOUiQ=="
  "resolved" "https://registry.npmjs.org/is-potential-custom-element-name/-/is-potential-custom-element-name-1.0.1.tgz"
  "version" "1.0.1"

"isarray@0.0.1":
  "integrity" "sha1-ihis/Kmo9Bd+Cav8YDiTmwXR7t8= sha512-D2S+3GLxWH+uhrNEcoh/fnmYeP8E8/zHl644d/jdA0g2uyXvy3sb0qxotE+ne0LtccHknQzWwZEzhak7oJ0COQ=="
  "resolved" "https://registry.npmjs.org/isarray/-/isarray-0.0.1.tgz"
  "version" "0.0.1"

"jest-worker@^26.2.1":
  "integrity" "sha512-KWYVV1c4i+jbMpaBC+U++4Va0cp8OisU185o73T1vo99hqi7w8tSJfUXYswwqqrjzwxa6KpRK54WhPvwf5w6PQ=="
  "resolved" "https://registry.npmjs.org/jest-worker/-/jest-worker-26.6.2.tgz"
  "version" "26.6.2"
  dependencies:
    "@types/node" "*"
    "merge-stream" "^2.0.0"
    "supports-color" "^7.0.0"

"js-tokens@^4.0.0":
  "integrity" "sha512-RdJUflcE3cUzKiMqQgsCu06FPu9UdIJO0beYbPhHN4k6apgJtifcoCtT9bcxOpYBtpD2kCM6Sbzg4CausW/PKQ=="
  "resolved" "https://registry.npmjs.org/js-tokens/-/js-tokens-4.0.0.tgz"
  "version" "4.0.0"

"jsdom@^16.4.0", "jsdom@^16.6.0":
  "integrity" "sha512-Ty1vmF4NHJkolaEmdjtxTfSfkdb8Ywarwf63f+F8/mDD1uLSSWDxDuMiZxiPhwunLrn9LOSVItWj4bLYsLN3Dg=="
  "resolved" "https://registry.npmjs.org/jsdom/-/jsdom-16.6.0.tgz"
  "version" "16.6.0"
  dependencies:
    "abab" "^2.0.5"
    "acorn" "^8.2.4"
    "acorn-globals" "^6.0.0"
    "cssom" "^0.4.4"
    "cssstyle" "^2.3.0"
    "data-urls" "^2.0.0"
    "decimal.js" "^10.2.1"
    "domexception" "^2.0.1"
    "escodegen" "^2.0.0"
    "form-data" "^3.0.0"
    "html-encoding-sniffer" "^2.0.1"
    "http-proxy-agent" "^4.0.1"
    "https-proxy-agent" "^5.0.0"
    "is-potential-custom-element-name" "^1.0.1"
    "nwsapi" "^2.2.0"
    "parse5" "6.0.1"
    "saxes" "^5.0.1"
    "symbol-tree" "^3.2.4"
    "tough-cookie" "^4.0.0"
    "w3c-hr-time" "^1.0.2"
    "w3c-xmlserializer" "^2.0.0"
    "webidl-conversions" "^6.1.0"
    "whatwg-encoding" "^1.0.5"
    "whatwg-mimetype" "^2.3.0"
    "whatwg-url" "^8.5.0"
    "ws" "^7.4.5"
    "xml-name-validator" "^3.0.0"

"just-extend@^4.0.2":
  "integrity" "sha512-FrLwOgm+iXrPV+5zDU6Jqu4gCRXbWEQg2O3SKONsWE4w7AXFRkryS53bpWdaL9cNol+AmR3AEYz6kn+o0fCPnw=="
  "resolved" "https://registry.npmjs.org/just-extend/-/just-extend-4.0.2.tgz"
  "version" "4.0.2"

"kleur@^4.0.3":
  "integrity" "sha512-8QADVssbrFjivHWQU7KkMgptGTl6WAcSdlbBPY4uNF+mWr6DGcKrvY2w4FQJoXch7+fKMjj0dRrL75vk3k23OA=="
  "resolved" "https://registry.npmjs.org/kleur/-/kleur-4.1.4.tgz"
  "version" "4.1.4"

"levn@~0.3.0":
  "integrity" "sha1-OwmSTt+fCDwEkP3UwLxEIeBHZO4= sha512-0OO4y2iOHix2W6ujICbKIaEQXvFQHue65vUG3pb5EUomzPI90z9hsA1VsO/dbIIpC53J8gxM9Q4Oho0jrCM/yA=="
  "resolved" "https://registry.npmjs.org/levn/-/levn-0.3.0.tgz"
  "version" "0.3.0"
  dependencies:
    "prelude-ls" "~1.1.2"
    "type-check" "~0.3.2"

"lodash.get@^4.4.2":
  "integrity" "sha1-LRd/ZS+jHpObRDjVNBSZ36OCXpk= sha512-z+Uw/vLuy6gQe8cfaFWD7p0wVv8fJl3mbzXh33RS+0oW2wvUqiRXiQ69gLWSLpgB5/6sU+r6BlQR0MBILadqTQ=="
  "resolved" "https://registry.npmjs.org/lodash.get/-/lodash.get-4.4.2.tgz"
  "version" "4.4.2"

"lodash@^4.7.0":
  "integrity" "sha512-v2kDEe57lecTulaDIuNTPy3Ry4gLGJ6Z1O3vE1krgXZNrsQ+LFTGHVxVjcXPs17LhbZVGedAJv8XZ1tvj5FvSg=="
  "resolved" "https://registry.npmjs.org/lodash/-/lodash-4.17.21.tgz"
  "version" "4.17.21"

"merge-stream@^2.0.0":
  "integrity" "sha512-abv/qOcuPfk3URPfDzmZU1LKmuw8kT+0nIHvKrKgFrwifol/doWcdA4ZqsWQ8ENrFKkd67Mfpo/LovbIUsbt3w=="
  "resolved" "https://registry.npmjs.org/merge-stream/-/merge-stream-2.0.0.tgz"
  "version" "2.0.0"

"mime-db@1.40.0":
  "integrity" "sha512-jYdeOMPy9vnxEqFRRo6ZvTZ8d9oPb+k18PKoYNYUe2stVEBPPwsln/qWzdbmaIvnhZ9v2P+CuecK+fpUfsV2mA=="
  "resolved" "https://registry.npmjs.org/mime-db/-/mime-db-1.40.0.tgz"
  "version" "1.40.0"

"mime-types@^2.1.12":
  "integrity" "sha512-WaFHS3MCl5fapm3oLxU4eYDw77IQM2ACcxQ9RIxfaC3ooc6PFuBMGZZsYpvoXS5D5QTWPieo1jjLdAm3TBP3cQ=="
  "resolved" "https://registry.npmjs.org/mime-types/-/mime-types-2.1.24.tgz"
  "version" "2.1.24"
  dependencies:
    "mime-db" "1.40.0"

"mri@^1.1.0":
  "integrity" "sha512-oi1b3MfbyGa7FJMP9GmLTttni5JoICpYBRlq+x5V16fZbLsnL9N3wFqqIm/nIG43FjUFkFh9Epzp/kzUGUnJxQ=="
  "resolved" "https://registry.npmjs.org/mri/-/mri-1.1.6.tgz"
  "version" "1.1.6"

"ms@2.1.2":
  "integrity" "sha512-sGkPx+VjMtmA6MX27oA4FBFELFCZZ4S4XqeGOXCv68tT+jb3vk/RyaKWP0PTKyWtmLSM0b+adUTEvbs1PEaH2w=="
  "resolved" "https://registry.npmjs.org/ms/-/ms-2.1.2.tgz"
  "version" "2.1.2"

"nise@^5.1.0":
  "integrity" "sha512-W5WlHu+wvo3PaKLsJJkgPup2LrsXCcm7AWwyNZkUnn5rwPkuPBi3Iwk5SQtN0mv+K65k7nKKjwNQ30wg3wLAQQ=="
  "resolved" "https://registry.npmjs.org/nise/-/nise-5.1.0.tgz"
  "version" "5.1.0"
  dependencies:
    "@sinonjs/commons" "^1.7.0"
    "@sinonjs/fake-timers" "^7.0.4"
    "@sinonjs/text-encoding" "^0.7.1"
    "just-extend" "^4.0.2"
    "path-to-regexp" "^1.7.0"

"nwsapi@^2.2.0":
  "integrity" "sha512-h2AatdwYH+JHiZpv7pt/gSX1XoRGb7L/qSIeuqA6GwYoF9w1vP1cw42TO0aI2pNyshRK5893hNSl+1//vHK7hQ=="
  "resolved" "https://registry.npmjs.org/nwsapi/-/nwsapi-2.2.0.tgz"
  "version" "2.2.0"

"optionator@^0.8.1":
  "integrity" "sha1-NkxeQJ0/TWMB1sC0wFu6UBgK62Q= sha512-oCOQ8AIC2ciLy/sE2ehafRBleBgDLvzGhBRRev87sP7ovnbvQfqpc3XFI0DhHey2OfVoNV91W+GPC6B3540/5Q=="
  "resolved" "https://registry.npmjs.org/optionator/-/optionator-0.8.2.tgz"
  "version" "0.8.2"
  dependencies:
    "deep-is" "~0.1.3"
    "fast-levenshtein" "~2.0.4"
    "levn" "~0.3.0"
    "prelude-ls" "~1.1.2"
    "type-check" "~0.3.2"
    "wordwrap" "~1.0.0"

"parse5@6.0.1":
  "integrity" "sha512-Ofn/CTFzRGTTxwpNEs9PP93gXShHcTq255nzRYSKe8AkVpZY7e1fpmTfOyoIvjP5HG7Z2ZM7VS9PPhQGW2pOpw=="
  "resolved" "https://registry.npmjs.org/parse5/-/parse5-6.0.1.tgz"
  "version" "6.0.1"

"path-to-regexp@^1.7.0":
  "integrity" "sha1-Wf3g9DW62suhA6hOnTvGTpa5k30= sha512-nifX1uj4S9IrK/w3Xe7kKvNEepXivANs9ng60Iq7PU/BlouV3yL/VUhFqTuTq33ykwUqoNcTeGo5vdOBP4jS/Q=="
  "resolved" "https://registry.npmjs.org/path-to-regexp/-/path-to-regexp-1.7.0.tgz"
  "version" "1.7.0"
  dependencies:
    "isarray" "0.0.1"

"prelude-ls@~1.1.2":
  "integrity" "sha1-IZMqVJ9eUv/ZqCf1cOBL5iqX2lQ= sha512-ESF23V4SKG6lVSGZgYNpbsiaAkdab6ZgOxe52p7+Kid3W3u3bxR4Vfd/o21dmN7jSt0IwgZ4v5MUd26FEtXE9w=="
  "resolved" "https://registry.npmjs.org/prelude-ls/-/prelude-ls-1.1.2.tgz"
  "version" "1.1.2"

"psl@^1.1.33":
  "integrity" "sha512-RIdOzyoavK+hA18OGGWDqUTsCLhtA7IcZ/6NCs4fFJaHBDab+pDDmDIByWFRQJq2Cd7r1OoQxBGKOaztq+hjIQ=="
  "resolved" "https://registry.npmjs.org/psl/-/psl-1.8.0.tgz"
  "version" "1.8.0"

"punycode@^2.1.1":
  "integrity" "sha512-XRsRjdf+j5ml+y/6GKHPZbrF/8p2Yga0JPtdqTIY2Xe5ohJPD9saDJJLPvp9+NSBprVvevdXZybnj2cv8OEd0A=="
  "resolved" "https://registry.npmjs.org/punycode/-/punycode-2.1.1.tgz"
  "version" "2.1.1"

"randombytes@^2.1.0":
  "integrity" "sha512-vYl3iOX+4CKUWuxGi9Ukhie6fsqXqS9FE2Zaic4tNFD2N2QQaXOMFbuKK4QmDHC0JO6B1Zp41J0LpT0oR68amQ=="
  "resolved" "https://registry.npmjs.org/randombytes/-/randombytes-2.1.0.tgz"
  "version" "2.1.0"
  dependencies:
    "safe-buffer" "^5.1.0"

"rollup-plugin-terser@^7.0.2":
  "integrity" "sha512-w3iIaU4OxcF52UUXiZNsNeuXIMDvFrr+ZXK6bFZ0Q60qyVfq4uLptoS4bbq3paG3x216eQllFZX7zt6TIImguQ=="
  "resolved" "https://registry.npmjs.org/rollup-plugin-terser/-/rollup-plugin-terser-7.0.2.tgz"
  "version" "7.0.2"
  dependencies:
    "@babel/code-frame" "^7.10.4"
    "jest-worker" "^26.2.1"
    "serialize-javascript" "^4.0.0"
    "terser" "^5.0.0"

"rollup@^2.0.0", "rollup@^2.53.0":
  "integrity" "sha512-spgrY78Toh+m0+zaOoeaayJKuzFuWy6o1PdFIBMVwRcuxT0xCOX9A5rChyKe+2ruL4lePKWUMImS4mMW1QAkmQ=="
  "resolved" "https://registry.npmjs.org/rollup/-/rollup-2.53.0.tgz"
  "version" "2.53.0"
  optionalDependencies:
    "fsevents" "~2.3.2"

"sade@^1.7.3":
  "integrity" "sha512-y5yauMD93rX840MwUJr7C1ysLFBgMspsdTo4UVrDg3fXDvtwOyIqykhVAAm6fk/3au77773itJStObgK+LKaiA=="
  "resolved" "https://registry.npmjs.org/sade/-/sade-1.7.4.tgz"
  "version" "1.7.4"
  dependencies:
    "mri" "^1.1.0"

"safe-buffer@^5.1.0":
  "integrity" "sha512-rp3So07KcdmmKbGvgaNxQSJr7bGVSVk5S9Eq1F+ppbRo70+YeaDxkw5Dd8NPN+GD6bjnYm2VuPuCXmpuYvmCXQ=="
  "resolved" "https://registry.npmjs.org/safe-buffer/-/safe-buffer-5.2.1.tgz"
  "version" "5.2.1"

"safer-buffer@>= 2.1.2 < 3":
  "integrity" "sha512-YZo3K82SD7Riyi0E1EQPojLz7kpepnSQI9IyPbHHg1XXXevb5dJI7tpyN2ADxGcQbHG7vcyRHk0cbwqcQriUtg=="
  "resolved" "https://registry.npmjs.org/safer-buffer/-/safer-buffer-2.1.2.tgz"
  "version" "2.1.2"

"saxes@^5.0.1":
  "integrity" "sha512-5LBh1Tls8c9xgGjw3QrMwETmTMVk0oFgvrFSvWx62llR2hcEInrKNZ2GZCCuuy2lvWrdl5jhbpeqc5hRYKFOcw=="
  "resolved" "https://registry.npmjs.org/saxes/-/saxes-5.0.1.tgz"
  "version" "5.0.1"
  dependencies:
    "xmlchars" "^2.2.0"

"serialize-javascript@^4.0.0":
  "integrity" "sha512-GaNA54380uFefWghODBWEGisLZFj00nS5ACs6yHa9nLqlLpVLO8ChDGeKRjZnV4Nh4n0Qi7nhYZD/9fCPzEqkw=="
  "resolved" "https://registry.npmjs.org/serialize-javascript/-/serialize-javascript-4.0.0.tgz"
  "version" "4.0.0"
  dependencies:
    "randombytes" "^2.1.0"

"sinon@^11.1.1":
  "integrity" "sha512-ZSSmlkSyhUWbkF01Z9tEbxZLF/5tRC9eojCdFh33gtQaP7ITQVaMWQHGuFM7Cuf/KEfihuh1tTl3/ABju3AQMg=="
  "resolved" "https://registry.npmjs.org/sinon/-/sinon-11.1.1.tgz"
  "version" "11.1.1"
  dependencies:
    "@sinonjs/commons" "^1.8.3"
    "@sinonjs/fake-timers" "^7.1.0"
    "@sinonjs/samsam" "^6.0.2"
    "diff" "^5.0.0"
    "nise" "^5.1.0"
    "supports-color" "^7.2.0"

"source-map-support@~0.5.19":
  "integrity" "sha512-Wonm7zOCIJzBGQdB+thsPar0kYuCIzYvxZwlBa87yi/Mdjv7Tip2cyVbLj5o0cFPN4EVkuTwb3GDDyUx2DGnGw=="
  "resolved" "https://registry.npmjs.org/source-map-support/-/source-map-support-0.5.19.tgz"
  "version" "0.5.19"
  dependencies:
    "buffer-from" "^1.0.0"
    "source-map" "^0.6.0"

"source-map@^0.6.0", "source-map@~0.6.1":
  "integrity" "sha512-UjgapumWlbMhkBgzT7Ykc5YXUT46F0iKu8SGXq0bcwP5dz/h0Plj6enJqjz1Zbq2l5WaqYnrVbwWOWMyF3F47g=="
  "resolved" "https://registry.npmjs.org/source-map/-/source-map-0.6.1.tgz"
  "version" "0.6.1"

"source-map@~0.7.2":
  "integrity" "sha512-CkCj6giN3S+n9qrYiBTX5gystlENnRW5jZeNLHpe6aue+SrHcG5VYwujhW9s4dY31mEGsxBDrHR6oI69fTXsaQ=="
  "resolved" "https://registry.npmjs.org/source-map/-/source-map-0.7.3.tgz"
  "version" "0.7.3"

"supports-color@^5.3.0":
  "integrity" "sha512-QjVjwdXIt408MIiAqCX4oUKsgU2EqAGzs2Ppkm4aQYbjm+ZEWEcW4SfFNTr4uMNZma0ey4f5lgLrkB0aX0QMow=="
  "resolved" "https://registry.npmjs.org/supports-color/-/supports-color-5.5.0.tgz"
  "version" "5.5.0"
  dependencies:
    "has-flag" "^3.0.0"

"supports-color@^7.0.0":
  "integrity" "sha512-oRSIpR8pxT1Wr2FquTNnGet79b3BWljqOuoW/h4oBhxJ/HUbX5nX6JSruTkvXDCFMwDPvsaTTbvMLKZWSy0R5g=="
  "resolved" "https://registry.npmjs.org/supports-color/-/supports-color-7.1.0.tgz"
  "version" "7.1.0"
  dependencies:
    "has-flag" "^4.0.0"

"supports-color@^7.2.0":
  "integrity" "sha512-qpCAvRl9stuOHveKsn7HncJRvv501qIacKzQlO/+Lwxc9+0q2wLyv4Dfvt80/DPn2pqOBsJdDiogXGR9+OvwRw=="
  "resolved" "https://registry.npmjs.org/supports-color/-/supports-color-7.2.0.tgz"
  "version" "7.2.0"
  dependencies:
    "has-flag" "^4.0.0"

"symbol-tree@^3.2.4":
  "integrity" "sha512-9QNk5KwDF+Bvz+PyObkmSYjI5ksVUYtjW7AU22r2NKcfLJcXp96hkDWU3+XndOsUb+AQ9QhfzfCT2O+CNWT5Tw=="
  "resolved" "https://registry.npmjs.org/symbol-tree/-/symbol-tree-3.2.4.tgz"
  "version" "3.2.4"

"terser@^5.0.0":
  "integrity" "sha512-b3e+d5JbHAe/JSjwsC3Zn55wsBIM7AsHLjKxT31kGCldgbpFePaFo+PiddtO6uwRZWRw7sPXmAN8dTW61xmnSg=="
  "resolved" "https://registry.npmjs.org/terser/-/terser-5.7.1.tgz"
  "version" "5.7.1"
  dependencies:
    "commander" "^2.20.0"
    "source-map" "~0.7.2"
    "source-map-support" "~0.5.19"

"totalist@^2.0.0":
  "integrity" "sha512-+Y17F0YzxfACxTyjfhnJQEe7afPA0GSpYlFkl2VFMxYP7jshQf9gXV7cH47EfToBumFThfKBvfAcoUn6fdNeRQ=="
  "resolved" "https://registry.npmjs.org/totalist/-/totalist-2.0.0.tgz"
  "version" "2.0.0"

"tough-cookie@^4.0.0":
  "integrity" "sha512-tHdtEpQCMrc1YLrMaqXXcj6AxhYi/xgit6mZu1+EDWUn+qhUf8wMQoFIy9NXuq23zAwtcB0t/MjACGR18pcRbg=="
  "resolved" "https://registry.npmjs.org/tough-cookie/-/tough-cookie-4.0.0.tgz"
  "version" "4.0.0"
  dependencies:
    "psl" "^1.1.33"
    "punycode" "^2.1.1"
    "universalify" "^0.1.2"

"tr46@^2.1.0":
  "integrity" "sha512-15Ih7phfcdP5YxqiB+iDtLoaTz4Nd35+IiAv0kQ5FNKHzXgdWqPoTIqEDDJmXceQt4JZk6lVPT8lnDlPpGDppw=="
  "resolved" "https://registry.npmjs.org/tr46/-/tr46-2.1.0.tgz"
  "version" "2.1.0"
  dependencies:
    "punycode" "^2.1.1"

"type-check@~0.3.2":
  "integrity" "sha1-WITKtRLPHTVeP7eE8wgEsrUg23I= sha512-ZCmOJdvOWDBYJlzAoFkC+Q0+bUyEOS1ltgp1MGU03fqHG+dbi9tBFU2Rd9QKiDZFAYrhPh2JUf7rZRIuHRKtOg=="
  "resolved" "https://registry.npmjs.org/type-check/-/type-check-0.3.2.tgz"
  "version" "0.3.2"
  dependencies:
    "prelude-ls" "~1.1.2"

"type-detect@^4.0.8", "type-detect@4.0.8":
  "integrity" "sha512-0fr/mIH1dlO+x7TlcMy+bIDqKPsw/70tVyeHW787goQjhmqaZe10uwLujubK9q9Lg6Fiho1KUKDYz0Z7k7g5/g=="
  "resolved" "https://registry.npmjs.org/type-detect/-/type-detect-4.0.8.tgz"
  "version" "4.0.8"

"typescript@^4.3.5":
  "integrity" "sha512-DqQgihaQ9cUrskJo9kIyW/+g0Vxsk8cDtZ52a3NGh0YNTfpUSArXSohyUGnvbPazEPLu398C0UxmKSOrPumUzA=="
  "resolved" "https://registry.npmjs.org/typescript/-/typescript-4.3.5.tgz"
  "version" "4.3.5"

"universalify@^0.1.2":
  "integrity" "sha512-rBJeI5CXAlmy1pV+617WB9J63U6XcazHHF2f2dbJix4XzpUF0RS3Zbj0FGIOCAva5P/d/GBOYaACQ1w+0azUkg=="
  "resolved" "https://registry.npmjs.org/universalify/-/universalify-0.1.2.tgz"
  "version" "0.1.2"

"uvu@^0.5.1":
  "integrity" "sha512-JGxttnOGDFs77FaZ0yMUHIzczzQ5R1IlDeNW6Wymw6gAscwMdAffVOP6TlxLIfReZyK8tahoGwWZaTCJzNFDkg=="
  "resolved" "https://registry.npmjs.org/uvu/-/uvu-0.5.1.tgz"
  "version" "0.5.1"
  dependencies:
    "dequal" "^2.0.0"
    "diff" "^5.0.0"
    "kleur" "^4.0.3"
    "sade" "^1.7.3"
    "totalist" "^2.0.0"

"w3c-hr-time@^1.0.2":
  "integrity" "sha512-z8P5DvDNjKDoFIHK7q8r8lackT6l+jo/Ye3HOle7l9nICP9lf1Ci25fy9vHd0JOWewkIFzXIEig3TdKT7JQ5fQ=="
  "resolved" "https://registry.npmjs.org/w3c-hr-time/-/w3c-hr-time-1.0.2.tgz"
  "version" "1.0.2"
  dependencies:
    "browser-process-hrtime" "^1.0.0"

"w3c-xmlserializer@^2.0.0":
  "integrity" "sha512-4tzD0mF8iSiMiNs30BiLO3EpfGLZUT2MSX/G+o7ZywDzliWQ3OPtTZ0PTC3B3ca1UAf4cJMHB+2Bf56EriJuRA=="
  "resolved" "https://registry.npmjs.org/w3c-xmlserializer/-/w3c-xmlserializer-2.0.0.tgz"
  "version" "2.0.0"
  dependencies:
    "xml-name-validator" "^3.0.0"

"webidl-conversions@^5.0.0":
  "integrity" "sha512-VlZwKPCkYKxQgeSbH5EyngOmRp7Ww7I9rQLERETtf5ofd9pGeswWiOtogpEO850jziPRarreGxn5QIiTqpb2wA=="
  "resolved" "https://registry.npmjs.org/webidl-conversions/-/webidl-conversions-5.0.0.tgz"
  "version" "5.0.0"

"webidl-conversions@^6.1.0":
  "integrity" "sha512-qBIvFLGiBpLjfwmYAaHPXsn+ho5xZnGvyGvsarywGNc8VyQJUMHJ8OBKGGrPER0okBeMDaan4mNBlgBROxuI8w=="
  "resolved" "https://registry.npmjs.org/webidl-conversions/-/webidl-conversions-6.1.0.tgz"
  "version" "6.1.0"

"whatwg-encoding@^1.0.5":
  "integrity" "sha512-b5lim54JOPN9HtzvK9HFXvBma/rnfFeqsic0hSpjtDbVxR3dJKLc+KB4V6GgiGOvl7CY/KNh8rxSo9DKQrnUEw=="
  "resolved" "https://registry.npmjs.org/whatwg-encoding/-/whatwg-encoding-1.0.5.tgz"
  "version" "1.0.5"
  dependencies:
    "iconv-lite" "0.4.24"

"whatwg-mimetype@^2.3.0":
  "integrity" "sha512-M4yMwr6mAnQz76TbJm914+gPpB/nCwvZbJU28cUD6dR004SAxDLOOSUaB1JDRqLtaOV/vi0IC5lEAGFgrjGv/g=="
  "resolved" "https://registry.npmjs.org/whatwg-mimetype/-/whatwg-mimetype-2.3.0.tgz"
  "version" "2.3.0"

"whatwg-url@^8.0.0", "whatwg-url@^8.5.0":
  "integrity" "sha512-gAojqb/m9Q8a5IV96E3fHJM70AzCkgt4uXYX2O7EmuyOnLrViCQlsEBmF9UQIu3/aeAIp2U17rtbpZWNntQqdg=="
  "resolved" "https://registry.npmjs.org/whatwg-url/-/whatwg-url-8.7.0.tgz"
  "version" "8.7.0"
  dependencies:
    "lodash" "^4.7.0"
    "tr46" "^2.1.0"
    "webidl-conversions" "^6.1.0"

"wordwrap@~1.0.0":
  "integrity" "sha1-J1hIEIkUVqQXHI0CJkQa3pDLyus= sha512-gvVzJFlPycKc5dZN4yPkP8w7Dc37BtP1yczEneOb4uq34pXZcvrtRTmWV8W+Ume+XCxKgbjM+nevkyFPMybd4Q=="
  "resolved" "https://registry.npmjs.org/wordwrap/-/wordwrap-1.0.0.tgz"
  "version" "1.0.0"

"ws@^7.4.5":
  "integrity" "sha512-lkF7AWRicoB9mAgjeKbGqVUekLnSNO4VjKVnuPHpQeOxZOErX6BPXwJk70nFslRCEEA8EVW7ZjKwXaP9N+1sKQ=="
  "resolved" "https://registry.npmjs.org/ws/-/ws-7.5.2.tgz"
  "version" "7.5.2"

"xml-name-validator@^3.0.0":
  "integrity" "sha512-A5CUptxDsvxKJEU3yO6DuWBSJz/qizqzJKOMIfUJHETbBw/sFaDxgd6fxm1ewUaM0jZ444Fc5vC5ROYurg/4Pw=="
  "resolved" "https://registry.npmjs.org/xml-name-validator/-/xml-name-validator-3.0.0.tgz"
  "version" "3.0.0"

"xmlchars@^2.2.0":
  "integrity" "sha512-JZnDKK8B0RCDw84FNdDAIpZK+JuJw+s7Lz8nksI7SIuU3UXJJslUthsi+uWBUYOwPFwW7W7PRLRfUKpxjtjFCw=="
  "resolved" "https://registry.npmjs.org/xmlchars/-/xmlchars-2.2.0.tgz"
  "version" "2.2.0"
